// !$*UTF8*$!
{
	archiveVersion = 1;
	classes = {
	};
	objectVersion = 46;
	objects = {

/* Begin PBXBuildFile section */
		D0CF24C1180E7F6D009BA2D0 /* Foundation.framework in Frameworks */ = {isa = PBXBuildFile; fileRef = D0CF24C0180E7F6D009BA2D0 /* Foundation.framework */; };
		D0CF24C3180E7F6D009BA2D0 /* CoreGraphics.framework in Frameworks */ = {isa = PBXBuildFile; fileRef = D0CF24C2180E7F6D009BA2D0 /* CoreGraphics.framework */; };
		D0CF24C5180E7F6D009BA2D0 /* UIKit.framework in Frameworks */ = {isa = PBXBuildFile; fileRef = D0CF24C4180E7F6D009BA2D0 /* UIKit.framework */; };
		D0CF24CB180E7F6D009BA2D0 /* InfoPlist.strings in Resources */ = {isa = PBXBuildFile; fileRef = D0CF24C9180E7F6D009BA2D0 /* InfoPlist.strings */; };
		D0CF24CD180E7F6D009BA2D0 /* main.m in Sources */ = {isa = PBXBuildFile; fileRef = D0CF24CC180E7F6D009BA2D0 /* main.m */; };
		D0CF24D1180E7F6D009BA2D0 /* BGSAppDelegate.m in Sources */ = {isa = PBXBuildFile; fileRef = D0CF24D0180E7F6D009BA2D0 /* BGSAppDelegate.m */; };
		D0CF24D4180E7F6D009BA2D0 /* Main_iPhone.storyboard in Resources */ = {isa = PBXBuildFile; fileRef = D0CF24D2180E7F6D009BA2D0 /* Main_iPhone.storyboard */; };
		D0CF24D7180E7F6D009BA2D0 /* Main_iPad.storyboard in Resources */ = {isa = PBXBuildFile; fileRef = D0CF24D5180E7F6D009BA2D0 /* Main_iPad.storyboard */; };
		D0CF24DA180E7F6E009BA2D0 /* BGSViewController.m in Sources */ = {isa = PBXBuildFile; fileRef = D0CF24D9180E7F6E009BA2D0 /* BGSViewController.m */; };
		D0CF24DC180E7F6E009BA2D0 /* Images.xcassets in Resources */ = {isa = PBXBuildFile; fileRef = D0CF24DB180E7F6E009BA2D0 /* Images.xcassets */; };
		D0CF24E3180E7F6E009BA2D0 /* XCTest.framework in Frameworks */ = {isa = PBXBuildFile; fileRef = D0CF24E2180E7F6E009BA2D0 /* XCTest.framework */; };
		D0CF24E4180E7F6E009BA2D0 /* Foundation.framework in Frameworks */ = {isa = PBXBuildFile; fileRef = D0CF24C0180E7F6D009BA2D0 /* Foundation.framework */; };
		D0CF24E5180E7F6E009BA2D0 /* UIKit.framework in Frameworks */ = {isa = PBXBuildFile; fileRef = D0CF24C4180E7F6D009BA2D0 /* UIKit.framework */; };
		D0CF24ED180E7F6E009BA2D0 /* InfoPlist.strings in Resources */ = {isa = PBXBuildFile; fileRef = D0CF24EB180E7F6E009BA2D0 /* InfoPlist.strings */; };
		D0CF24EF180E7F6E009BA2D0 /* BGS_Coredata_SupportTests.m in Sources */ = {isa = PBXBuildFile; fileRef = D0CF24EE180E7F6E009BA2D0 /* BGS_Coredata_SupportTests.m */; };
/* End PBXBuildFile section */

/* Begin PBXContainerItemProxy section */
		D0CF24E6180E7F6E009BA2D0 /* PBXContainerItemProxy */ = {
			isa = PBXContainerItemProxy;
			containerPortal = D0CF24B5180E7F6D009BA2D0 /* Project object */;
			proxyType = 1;
			remoteGlobalIDString = D0CF24BC180E7F6D009BA2D0;
			remoteInfo = "BGS Coredata Support";
		};
/* End PBXContainerItemProxy section */

/* Begin PBXFileReference section */
		D0CF24BD180E7F6D009BA2D0 /* BGS Coredata Support.app */ = {isa = PBXFileReference; explicitFileType = wrapper.application; includeInIndex = 0; path = "BGS Coredata Support.app"; sourceTree = BUILT_PRODUCTS_DIR; };
		D0CF24C0180E7F6D009BA2D0 /* Foundation.framework */ = {isa = PBXFileReference; lastKnownFileType = wrapper.framework; name = Foundation.framework; path = System/Library/Frameworks/Foundation.framework; sourceTree = SDKROOT; };
		D0CF24C2180E7F6D009BA2D0 /* CoreGraphics.framework */ = {isa = PBXFileReference; lastKnownFileType = wrapper.framework; name = CoreGraphics.framework; path = System/Library/Frameworks/CoreGraphics.framework; sourceTree = SDKROOT; };
		D0CF24C4180E7F6D009BA2D0 /* UIKit.framework */ = {isa = PBXFileReference; lastKnownFileType = wrapper.framework; name = UIKit.framework; path = System/Library/Frameworks/UIKit.framework; sourceTree = SDKROOT; };
		D0CF24C8180E7F6D009BA2D0 /* BGS Coredata Support-Info.plist */ = {isa = PBXFileReference; lastKnownFileType = text.plist.xml; path = "BGS Coredata Support-Info.plist"; sourceTree = "<group>"; };
		D0CF24CA180E7F6D009BA2D0 /* en */ = {isa = PBXFileReference; lastKnownFileType = text.plist.strings; name = en; path = en.lproj/InfoPlist.strings; sourceTree = "<group>"; };
		D0CF24CC180E7F6D009BA2D0 /* main.m */ = {isa = PBXFileReference; lastKnownFileType = sourcecode.c.objc; path = main.m; sourceTree = "<group>"; };
		D0CF24CE180E7F6D009BA2D0 /* BGS Coredata Support-Prefix.pch */ = {isa = PBXFileReference; lastKnownFileType = sourcecode.c.h; path = "BGS Coredata Support-Prefix.pch"; sourceTree = "<group>"; };
		D0CF24CF180E7F6D009BA2D0 /* BGSAppDelegate.h */ = {isa = PBXFileReference; lastKnownFileType = sourcecode.c.h; path = BGSAppDelegate.h; sourceTree = "<group>"; };
		D0CF24D0180E7F6D009BA2D0 /* BGSAppDelegate.m */ = {isa = PBXFileReference; lastKnownFileType = sourcecode.c.objc; path = BGSAppDelegate.m; sourceTree = "<group>"; };
		D0CF24D3180E7F6D009BA2D0 /* Base */ = {isa = PBXFileReference; lastKnownFileType = file.storyboard; name = Base; path = Base.lproj/Main_iPhone.storyboard; sourceTree = "<group>"; };
		D0CF24D6180E7F6D009BA2D0 /* Base */ = {isa = PBXFileReference; lastKnownFileType = file.storyboard; name = Base; path = Base.lproj/Main_iPad.storyboard; sourceTree = "<group>"; };
		D0CF24D8180E7F6D009BA2D0 /* BGSViewController.h */ = {isa = PBXFileReference; lastKnownFileType = sourcecode.c.h; path = BGSViewController.h; sourceTree = "<group>"; };
		D0CF24D9180E7F6E009BA2D0 /* BGSViewController.m */ = {isa = PBXFileReference; lastKnownFileType = sourcecode.c.objc; path = BGSViewController.m; sourceTree = "<group>"; };
		D0CF24DB180E7F6E009BA2D0 /* Images.xcassets */ = {isa = PBXFileReference; lastKnownFileType = folder.assetcatalog; path = Images.xcassets; sourceTree = "<group>"; };
		D0CF24E1180E7F6E009BA2D0 /* BGS Coredata SupportTests.xctest */ = {isa = PBXFileReference; explicitFileType = wrapper.cfbundle; includeInIndex = 0; path = "BGS Coredata SupportTests.xctest"; sourceTree = BUILT_PRODUCTS_DIR; };
		D0CF24E2180E7F6E009BA2D0 /* XCTest.framework */ = {isa = PBXFileReference; lastKnownFileType = wrapper.framework; name = XCTest.framework; path = Library/Frameworks/XCTest.framework; sourceTree = DEVELOPER_DIR; };
		D0CF24EA180E7F6E009BA2D0 /* BGS Coredata SupportTests-Info.plist */ = {isa = PBXFileReference; lastKnownFileType = text.plist.xml; path = "BGS Coredata SupportTests-Info.plist"; sourceTree = "<group>"; };
		D0CF24EC180E7F6E009BA2D0 /* en */ = {isa = PBXFileReference; lastKnownFileType = text.plist.strings; name = en; path = en.lproj/InfoPlist.strings; sourceTree = "<group>"; };
		D0CF24EE180E7F6E009BA2D0 /* BGS_Coredata_SupportTests.m */ = {isa = PBXFileReference; lastKnownFileType = sourcecode.c.objc; path = BGS_Coredata_SupportTests.m; sourceTree = "<group>"; };
/* End PBXFileReference section */

/* Begin PBXFrameworksBuildPhase section */
		D0CF24BA180E7F6D009BA2D0 /* Frameworks */ = {
			isa = PBXFrameworksBuildPhase;
			buildActionMask = 2147483647;
			files = (
				D0CF24C3180E7F6D009BA2D0 /* CoreGraphics.framework in Frameworks */,
				D0CF24C5180E7F6D009BA2D0 /* UIKit.framework in Frameworks */,
				D0CF24C1180E7F6D009BA2D0 /* Foundation.framework in Frameworks */,
			);
			runOnlyForDeploymentPostprocessing = 0;
		};
		D0CF24DE180E7F6E009BA2D0 /* Frameworks */ = {
			isa = PBXFrameworksBuildPhase;
			buildActionMask = 2147483647;
			files = (
				D0CF24E3180E7F6E009BA2D0 /* XCTest.framework in Frameworks */,
				D0CF24E5180E7F6E009BA2D0 /* UIKit.framework in Frameworks */,
				D0CF24E4180E7F6E009BA2D0 /* Foundation.framework in Frameworks */,
			);
			runOnlyForDeploymentPostprocessing = 0;
		};
/* End PBXFrameworksBuildPhase section */

/* Begin PBXGroup section */
		D0CF24B4180E7F6D009BA2D0 = {
			isa = PBXGroup;
			children = (
				D0CF24C6180E7F6D009BA2D0 /* BGS Coredata Support */,
				D0CF24E8180E7F6E009BA2D0 /* BGS Coredata SupportTests */,
				D0CF24BF180E7F6D009BA2D0 /* Frameworks */,
				D0CF24BE180E7F6D009BA2D0 /* Products */,
			);
			sourceTree = "<group>";
		};
		D0CF24BE180E7F6D009BA2D0 /* Products */ = {
			isa = PBXGroup;
			children = (
				D0CF24BD180E7F6D009BA2D0 /* BGS Coredata Support.app */,
				D0CF24E1180E7F6E009BA2D0 /* BGS Coredata SupportTests.xctest */,
			);
			name = Products;
			sourceTree = "<group>";
		};
		D0CF24BF180E7F6D009BA2D0 /* Frameworks */ = {
			isa = PBXGroup;
			children = (
				D0CF24C0180E7F6D009BA2D0 /* Foundation.framework */,
				D0CF24C2180E7F6D009BA2D0 /* CoreGraphics.framework */,
				D0CF24C4180E7F6D009BA2D0 /* UIKit.framework */,
				D0CF24E2180E7F6E009BA2D0 /* XCTest.framework */,
			);
			name = Frameworks;
			sourceTree = "<group>";
		};
		D0CF24C6180E7F6D009BA2D0 /* BGS Coredata Support */ = {
			isa = PBXGroup;
			children = (
				D0CF24CF180E7F6D009BA2D0 /* BGSAppDelegate.h */,
				D0CF24D0180E7F6D009BA2D0 /* BGSAppDelegate.m */,
				D0CF24D2180E7F6D009BA2D0 /* Main_iPhone.storyboard */,
				D0CF24D5180E7F6D009BA2D0 /* Main_iPad.storyboard */,
				D0CF24D8180E7F6D009BA2D0 /* BGSViewController.h */,
				D0CF24D9180E7F6E009BA2D0 /* BGSViewController.m */,
				D0CF24DB180E7F6E009BA2D0 /* Images.xcassets */,
				D0CF24C7180E7F6D009BA2D0 /* Supporting Files */,
			);
			path = "BGS Coredata Support";
			sourceTree = "<group>";
		};
		D0CF24C7180E7F6D009BA2D0 /* Supporting Files */ = {
			isa = PBXGroup;
			children = (
				D0CF24C8180E7F6D009BA2D0 /* BGS Coredata Support-Info.plist */,
				D0CF24C9180E7F6D009BA2D0 /* InfoPlist.strings */,
				D0CF24CC180E7F6D009BA2D0 /* main.m */,
				D0CF24CE180E7F6D009BA2D0 /* BGS Coredata Support-Prefix.pch */,
			);
			name = "Supporting Files";
			sourceTree = "<group>";
		};
		D0CF24E8180E7F6E009BA2D0 /* BGS Coredata SupportTests */ = {
			isa = PBXGroup;
			children = (
				D0CF24EE180E7F6E009BA2D0 /* BGS_Coredata_SupportTests.m */,
				D0CF24E9180E7F6E009BA2D0 /* Supporting Files */,
			);
			path = "BGS Coredata SupportTests";
			sourceTree = "<group>";
		};
		D0CF24E9180E7F6E009BA2D0 /* Supporting Files */ = {
			isa = PBXGroup;
			children = (
				D0CF24EA180E7F6E009BA2D0 /* BGS Coredata SupportTests-Info.plist */,
				D0CF24EB180E7F6E009BA2D0 /* InfoPlist.strings */,
			);
			name = "Supporting Files";
			sourceTree = "<group>";
		};
/* End PBXGroup section */

/* Begin PBXNativeTarget section */
		D0CF24BC180E7F6D009BA2D0 /* BGS Coredata Support */ = {
			isa = PBXNativeTarget;
			buildConfigurationList = D0CF24F2180E7F6E009BA2D0 /* Build configuration list for PBXNativeTarget "BGS Coredata Support" */;
			buildPhases = (
				D0CF24B9180E7F6D009BA2D0 /* Sources */,
				D0CF24BA180E7F6D009BA2D0 /* Frameworks */,
				D0CF24BB180E7F6D009BA2D0 /* Resources */,
			);
			buildRules = (
			);
			dependencies = (
			);
			name = "BGS Coredata Support";
			productName = "BGS Coredata Support";
			productReference = D0CF24BD180E7F6D009BA2D0 /* BGS Coredata Support.app */;
			productType = "com.apple.product-type.application";
		};
		D0CF24E0180E7F6E009BA2D0 /* BGS Coredata SupportTests */ = {
			isa = PBXNativeTarget;
			buildConfigurationList = D0CF24F5180E7F6E009BA2D0 /* Build configuration list for PBXNativeTarget "BGS Coredata SupportTests" */;
			buildPhases = (
				D0CF24DD180E7F6E009BA2D0 /* Sources */,
				D0CF24DE180E7F6E009BA2D0 /* Frameworks */,
				D0CF24DF180E7F6E009BA2D0 /* Resources */,
			);
			buildRules = (
			);
			dependencies = (
				D0CF24E7180E7F6E009BA2D0 /* PBXTargetDependency */,
			);
			name = "BGS Coredata SupportTests";
			productName = "BGS Coredata SupportTests";
			productReference = D0CF24E1180E7F6E009BA2D0 /* BGS Coredata SupportTests.xctest */;
			productType = "com.apple.product-type.bundle.unit-test";
		};
/* End PBXNativeTarget section */

/* Begin PBXProject section */
		D0CF24B5180E7F6D009BA2D0 /* Project object */ = {
			isa = PBXProject;
			attributes = {
				CLASSPREFIX = BGS;
				LastUpgradeCheck = 0500;
				ORGANIZATIONNAME = "Bright Green Star";
				TargetAttributes = {
					D0CF24E0180E7F6E009BA2D0 = {
						TestTargetID = D0CF24BC180E7F6D009BA2D0;
					};
				};
			};
			buildConfigurationList = D0CF24B8180E7F6D009BA2D0 /* Build configuration list for PBXProject "BGS Coredata Support" */;
			compatibilityVersion = "Xcode 3.2";
			developmentRegion = English;
			hasScannedForEncodings = 0;
			knownRegions = (
				en,
				Base,
			);
			mainGroup = D0CF24B4180E7F6D009BA2D0;
			productRefGroup = D0CF24BE180E7F6D009BA2D0 /* Products */;
			projectDirPath = "";
			projectRoot = "";
			targets = (
				D0CF24BC180E7F6D009BA2D0 /* BGS Coredata Support */,
				D0CF24E0180E7F6E009BA2D0 /* BGS Coredata SupportTests */,
			);
		};
/* End PBXProject section */

/* Begin PBXResourcesBuildPhase section */
		D0CF24BB180E7F6D009BA2D0 /* Resources */ = {
			isa = PBXResourcesBuildPhase;
			buildActionMask = 2147483647;
			files = (
				D0CF24D7180E7F6D009BA2D0 /* Main_iPad.storyboard in Resources */,
				D0CF24DC180E7F6E009BA2D0 /* Images.xcassets in Resources */,
				D0CF24D4180E7F6D009BA2D0 /* Main_iPhone.storyboard in Resources */,
				D0CF24CB180E7F6D009BA2D0 /* InfoPlist.strings in Resources */,
			);
			runOnlyForDeploymentPostprocessing = 0;
		};
		D0CF24DF180E7F6E009BA2D0 /* Resources */ = {
			isa = PBXResourcesBuildPhase;
			buildActionMask = 2147483647;
			files = (
				D0CF24ED180E7F6E009BA2D0 /* InfoPlist.strings in Resources */,
			);
			runOnlyForDeploymentPostprocessing = 0;
		};
/* End PBXResourcesBuildPhase section */

/* Begin PBXSourcesBuildPhase section */
		D0CF24B9180E7F6D009BA2D0 /* Sources */ = {
			isa = PBXSourcesBuildPhase;
			buildActionMask = 2147483647;
			files = (
				D0CF24DA180E7F6E009BA2D0 /* BGSViewController.m in Sources */,
				D0CF24CD180E7F6D009BA2D0 /* main.m in Sources */,
				D0CF24D1180E7F6D009BA2D0 /* BGSAppDelegate.m in Sources */,
			);
			runOnlyForDeploymentPostprocessing = 0;
		};
		D0CF24DD180E7F6E009BA2D0 /* Sources */ = {
			isa = PBXSourcesBuildPhase;
			buildActionMask = 2147483647;
			files = (
				D0CF24EF180E7F6E009BA2D0 /* BGS_Coredata_SupportTests.m in Sources */,
			);
			runOnlyForDeploymentPostprocessing = 0;
		};
/* End PBXSourcesBuildPhase section */

/* Begin PBXTargetDependency section */
		D0CF24E7180E7F6E009BA2D0 /* PBXTargetDependency */ = {
			isa = PBXTargetDependency;
			target = D0CF24BC180E7F6D009BA2D0 /* BGS Coredata Support */;
			targetProxy = D0CF24E6180E7F6E009BA2D0 /* PBXContainerItemProxy */;
		};
/* End PBXTargetDependency section */

/* Begin PBXVariantGroup section */
		D0CF24C9180E7F6D009BA2D0 /* InfoPlist.strings */ = {
			isa = PBXVariantGroup;
			children = (
				D0CF24CA180E7F6D009BA2D0 /* en */,
			);
			name = InfoPlist.strings;
			sourceTree = "<group>";
		};
		D0CF24D2180E7F6D009BA2D0 /* Main_iPhone.storyboard */ = {
			isa = PBXVariantGroup;
			children = (
				D0CF24D3180E7F6D009BA2D0 /* Base */,
			);
			name = Main_iPhone.storyboard;
			sourceTree = "<group>";
		};
		D0CF24D5180E7F6D009BA2D0 /* Main_iPad.storyboard */ = {
			isa = PBXVariantGroup;
			children = (
				D0CF24D6180E7F6D009BA2D0 /* Base */,
			);
			name = Main_iPad.storyboard;
			sourceTree = "<group>";
		};
		D0CF24EB180E7F6E009BA2D0 /* InfoPlist.strings */ = {
			isa = PBXVariantGroup;
			children = (
				D0CF24EC180E7F6E009BA2D0 /* en */,
			);
			name = InfoPlist.strings;
			sourceTree = "<group>";
		};
/* End PBXVariantGroup section */

/* Begin XCBuildConfiguration section */
		D0CF24F0180E7F6E009BA2D0 /* Debug */ = {
			isa = XCBuildConfiguration;
			buildSettings = {
				ALWAYS_SEARCH_USER_PATHS = NO;
				ARCHS = "$(ARCHS_STANDARD_INCLUDING_64_BIT)";
				CLANG_CXX_LANGUAGE_STANDARD = "gnu++0x";
				CLANG_CXX_LIBRARY = "libc++";
				CLANG_ENABLE_MODULES = YES;
				CLANG_ENABLE_OBJC_ARC = YES;
				CLANG_WARN_BOOL_CONVERSION = YES;
				CLANG_WARN_CONSTANT_CONVERSION = YES;
				CLANG_WARN_DIRECT_OBJC_ISA_USAGE = YES_ERROR;
				CLANG_WARN_EMPTY_BODY = YES;
				CLANG_WARN_ENUM_CONVERSION = YES;
				CLANG_WARN_INT_CONVERSION = YES;
				CLANG_WARN_OBJC_ROOT_CLASS = YES_ERROR;
				CLANG_WARN__DUPLICATE_METHOD_MATCH = YES;
				"CODE_SIGN_IDENTITY[sdk=iphoneos*]" = "iPhone Developer";
				COPY_PHASE_STRIP = NO;
				GCC_C_LANGUAGE_STANDARD = gnu99;
				GCC_DYNAMIC_NO_PIC = NO;
				GCC_OPTIMIZATION_LEVEL = 0;
				GCC_PREPROCESSOR_DEFINITIONS = (
					"DEBUG=1",
					"$(inherited)",
				);
				GCC_SYMBOLS_PRIVATE_EXTERN = NO;
				GCC_WARN_64_TO_32_BIT_CONVERSION = YES;
				GCC_WARN_ABOUT_RETURN_TYPE = YES_ERROR;
				GCC_WARN_UNDECLARED_SELECTOR = YES;
				GCC_WARN_UNINITIALIZED_AUTOS = YES;
				GCC_WARN_UNUSED_FUNCTION = YES;
				GCC_WARN_UNUSED_VARIABLE = YES;
				IPHONEOS_DEPLOYMENT_TARGET = 7.0;
				ONLY_ACTIVE_ARCH = YES;
				SDKROOT = iphoneos;
				TARGETED_DEVICE_FAMILY = "1,2";
			};
			name = Debug;
		};
		D0CF24F1180E7F6E009BA2D0 /* Release */ = {
			isa = XCBuildConfiguration;
			buildSettings = {
				ALWAYS_SEARCH_USER_PATHS = NO;
				ARCHS = "$(ARCHS_STANDARD_INCLUDING_64_BIT)";
				CLANG_CXX_LANGUAGE_STANDARD = "gnu++0x";
				CLANG_CXX_LIBRARY = "libc++";
				CLANG_ENABLE_MODULES = YES;
				CLANG_ENABLE_OBJC_ARC = YES;
				CLANG_WARN_BOOL_CONVERSION = YES;
				CLANG_WARN_CONSTANT_CONVERSION = YES;
				CLANG_WARN_DIRECT_OBJC_ISA_USAGE = YES_ERROR;
				CLANG_WARN_EMPTY_BODY = YES;
				CLANG_WARN_ENUM_CONVERSION = YES;
				CLANG_WARN_INT_CONVERSION = YES;
				CLANG_WARN_OBJC_ROOT_CLASS = YES_ERROR;
				CLANG_WARN__DUPLICATE_METHOD_MATCH = YES;
				"CODE_SIGN_IDENTITY[sdk=iphoneos*]" = "iPhone Developer";
				COPY_PHASE_STRIP = YES;
				ENABLE_NS_ASSERTIONS = NO;
				GCC_C_LANGUAGE_STANDARD = gnu99;
				GCC_WARN_64_TO_32_BIT_CONVERSION = YES;
				GCC_WARN_ABOUT_RETURN_TYPE = YES_ERROR;
				GCC_WARN_UNDECLARED_SELECTOR = YES;
				GCC_WARN_UNINITIALIZED_AUTOS = YES;
				GCC_WARN_UNUSED_FUNCTION = YES;
				GCC_WARN_UNUSED_VARIABLE = YES;
				IPHONEOS_DEPLOYMENT_TARGET = 7.0;
				SDKROOT = iphoneos;
				TARGETED_DEVICE_FAMILY = "1,2";
				VALIDATE_PRODUCT = YES;
			};
			name = Release;
		};
		D0CF24F3180E7F6E009BA2D0 /* Debug */ = {
			isa = XCBuildConfiguration;
			buildSettings = {
				ASSETCATALOG_COMPILER_APPICON_NAME = AppIcon;
				ASSETCATALOG_COMPILER_LAUNCHIMAGE_NAME = LaunchImage;
				GCC_PRECOMPILE_PREFIX_HEADER = YES;
				GCC_PREFIX_HEADER = "BGS Coredata Support/BGS Coredata Support-Prefix.pch";
				INFOPLIST_FILE = "BGS Coredata Support/BGS Coredata Support-Info.plist";
				PRODUCT_NAME = "$(TARGET_NAME)";
				WRAPPER_EXTENSION = app;
			};
			name = Debug;
		};
		D0CF24F4180E7F6E009BA2D0 /* Release */ = {
			isa = XCBuildConfiguration;
			buildSettings = {
				ASSETCATALOG_COMPILER_APPICON_NAME = AppIcon;
				ASSETCATALOG_COMPILER_LAUNCHIMAGE_NAME = LaunchImage;
				GCC_PRECOMPILE_PREFIX_HEADER = YES;
				GCC_PREFIX_HEADER = "BGS Coredata Support/BGS Coredata Support-Prefix.pch";
				INFOPLIST_FILE = "BGS Coredata Support/BGS Coredata Support-Info.plist";
				PRODUCT_NAME = "$(TARGET_NAME)";
				WRAPPER_EXTENSION = app;
			};
			name = Release;
		};
		D0CF24F6180E7F6E009BA2D0 /* Debug */ = {
			isa = XCBuildConfiguration;
			buildSettings = {
				ARCHS = "$(ARCHS_STANDARD_INCLUDING_64_BIT)";
				BUNDLE_LOADER = "$(BUILT_PRODUCTS_DIR)/BGS Coredata Support.app/BGS Coredata Support";
				FRAMEWORK_SEARCH_PATHS = (
					"$(SDKROOT)/Developer/Library/Frameworks",
					"$(inherited)",
					"$(DEVELOPER_FRAMEWORKS_DIR)",
				);
				GCC_PRECOMPILE_PREFIX_HEADER = YES;
				GCC_PREFIX_HEADER = "BGS Coredata Support/BGS Coredata Support-Prefix.pch";
				GCC_PREPROCESSOR_DEFINITIONS = (
					"DEBUG=1",
					"$(inherited)",
				);
				INFOPLIST_FILE = "BGS Coredata SupportTests/BGS Coredata SupportTests-Info.plist";
				PRODUCT_NAME = "$(TARGET_NAME)";
				TEST_HOST = "$(BUNDLE_LOADER)";
				WRAPPER_EXTENSION = xctest;
			};
			name = Debug;
		};
		D0CF24F7180E7F6E009BA2D0 /* Release */ = {
			isa = XCBuildConfiguration;
			buildSettings = {
				ARCHS = "$(ARCHS_STANDARD_INCLUDING_64_BIT)";
				BUNDLE_LOADER = "$(BUILT_PRODUCTS_DIR)/BGS Coredata Support.app/BGS Coredata Support";
				FRAMEWORK_SEARCH_PATHS = (
					"$(SDKROOT)/Developer/Library/Frameworks",
					"$(inherited)",
					"$(DEVELOPER_FRAMEWORKS_DIR)",
				);
				GCC_PRECOMPILE_PREFIX_HEADER = YES;
				GCC_PREFIX_HEADER = "BGS Coredata Support/BGS Coredata Support-Prefix.pch";
				INFOPLIST_FILE = "BGS Coredata SupportTests/BGS Coredata SupportTests-Info.plist";
				PRODUCT_NAME = "$(TARGET_NAME)";
				TEST_HOST = "$(BUNDLE_LOADER)";
				WRAPPER_EXTENSION = xctest;
			};
			name = Release;
		};
/* End XCBuildConfiguration section */

/* Begin XCConfigurationList section */
		D0CF24B8180E7F6D009BA2D0 /* Build configuration list for PBXProject "BGS Coredata Support" */ = {
			isa = XCConfigurationList;
			buildConfigurations = (
				D0CF24F0180E7F6E009BA2D0 /* Debug */,
				D0CF24F1180E7F6E009BA2D0 /* Release */,
			);
			defaultConfigurationIsVisible = 0;
			defaultConfigurationName = Release;
		};
		D0CF24F2180E7F6E009BA2D0 /* Build configuration list for PBXNativeTarget "BGS Coredata Support" */ = {
			isa = XCConfigurationList;
			buildConfigurations = (
				D0CF24F3180E7F6E009BA2D0 /* Debug */,
				D0CF24F4180E7F6E009BA2D0 /* Release */,
			);
			defaultConfigurationIsVisible = 0;
		};
		D0CF24F5180E7F6E009BA2D0 /* Build configuration list for PBXNativeTarget "BGS Coredata SupportTests" */ = {
			isa = XCConfigurationList;
			buildConfigurations = (
				D0CF24F6180E7F6E009BA2D0 /* Debug */,
				D0CF24F7180E7F6E009BA2D0 /* Release */,
			);
			defaultConfigurationIsVisible = 0;
		};
/* End XCConfigurationList section */
	};
	rootObject = D0CF24B5180E7F6D009BA2D0 /* Project object */;
}
